
Microsoft Visual Studio Solution File, Format Version 12.00
# Visual Studio Version 17
VisualStudioVersion = 17.1.32210.238
MinimumVisualStudioVersion = 10.0.40219.1
Project("{FAE04EC0-301F-11D3-BF4B-00C04F79EFBC}") = "ping_pong", "gioco\ping_pong.csproj", "{5D4FCB62-6ECE-4FF6-A903-F0E0EFA65832}"
EndProject
Global
	GlobalSection(SolutionConfigurationPlatforms) = preSolution
		Debug|Any CPU = Debug|Any CPU
		Release|Any CPU = Release|Any CPU
	EndGlobalSection
	GlobalSection(ProjectConfigurationPlatforms) = postSolution
		{5D4FCB62-6ECE-4FF6-A903-F0E0EFA65832}.Debug|Any CPU.ActiveCfg = Debug|Any CPU
		{5D4FCB62-6ECE-4FF6-A903-F0E0EFA65832}.Debug|Any CPU.Build.0 = Debug|Any CPU
		{5D4FCB62-6ECE-4FF6-A903-F0E0EFA65832}.Release|Any CPU.ActiveCfg = Release|Any CPU
		{5D4FCB62-6ECE-4FF6-A903-F0E0EFA65832}.Release|Any CPU.Build.0 = Release|Any CPU
	EndGlobalSection
	GlobalSection(SolutionProperties) = preSolution
		HideSolutionNode = FALSE
	EndGlobalSection
	GlobalSection(ExtensibilityGlobals) = postSolution
		SolutionGuid = {A7A07C22-840F-4769-B79B-FDDE45F0DE83}
	EndGlobalSection
EndGlobal
